
Microsoft Visual Studio Solution File, Format Version 12.00
# Visual Studio Version 17
VisualStudioVersion = 17.10.35013.160
MinimumVisualStudioVersion = 10.0.40219.1
Project("{9A19103F-16F7-4668-BE54-9A1E7A4F7556}") = "MVC_Academy", "MVC_Academy\MVC_Academy.csproj", "{F214B7E0-161D-4D89-81FA-102C2AF52581}"
EndProject
Project("{9A19103F-16F7-4668-BE54-9A1E7A4F7556}") = "DataAccess", "DataAccess\DataAccess.csproj", "{2C55256D-89A2-478C-AC22-F84EE3E31E85}"
EndProject
Project("{FAE04EC0-301F-11D3-BF4B-00C04F79EFBC}") = "DomainModels", "DomainModels\DomainModels.csproj", "{50A2238A-F17D-4C2B-B65F-D785144C01D6}"
EndProject
Global
	GlobalSection(SolutionConfigurationPlatforms) = preSolution
		Debug|Any CPU = Debug|Any CPU
		Release|Any CPU = Release|Any CPU
	EndGlobalSection
	GlobalSection(ProjectConfigurationPlatforms) = postSolution
		{F214B7E0-161D-4D89-81FA-102C2AF52581}.Debug|Any CPU.ActiveCfg = Debug|Any CPU
		{F214B7E0-161D-4D89-81FA-102C2AF52581}.Debug|Any CPU.Build.0 = Debug|Any CPU
		{F214B7E0-161D-4D89-81FA-102C2AF52581}.Release|Any CPU.ActiveCfg = Release|Any CPU
		{F214B7E0-161D-4D89-81FA-102C2AF52581}.Release|Any CPU.Build.0 = Release|Any CPU
		{2C55256D-89A2-478C-AC22-F84EE3E31E85}.Debug|Any CPU.ActiveCfg = Debug|Any CPU
		{2C55256D-89A2-478C-AC22-F84EE3E31E85}.Debug|Any CPU.Build.0 = Debug|Any CPU
		{2C55256D-89A2-478C-AC22-F84EE3E31E85}.Release|Any CPU.ActiveCfg = Release|Any CPU
		{2C55256D-89A2-478C-AC22-F84EE3E31E85}.Release|Any CPU.Build.0 = Release|Any CPU
		{50A2238A-F17D-4C2B-B65F-D785144C01D6}.Debug|Any CPU.ActiveCfg = Debug|Any CPU
		{50A2238A-F17D-4C2B-B65F-D785144C01D6}.Debug|Any CPU.Build.0 = Debug|Any CPU
		{50A2238A-F17D-4C2B-B65F-D785144C01D6}.Release|Any CPU.ActiveCfg = Release|Any CPU
		{50A2238A-F17D-4C2B-B65F-D785144C01D6}.Release|Any CPU.Build.0 = Release|Any CPU
	EndGlobalSection
	GlobalSection(SolutionProperties) = preSolution
		HideSolutionNode = FALSE
	EndGlobalSection
	GlobalSection(ExtensibilityGlobals) = postSolution
		SolutionGuid = {B0D957C6-4E22-470B-A6EF-033B5104F2C7}
	EndGlobalSection
EndGlobal
